
Microsoft Visual Studio Solution File, Format Version 12.00
# Visual Studio 15
VisualStudioVersion = 15.0.28010.2036
MinimumVisualStudioVersion = 10.0.40219.1
Project("{FAE04EC0-301F-11D3-BF4B-00C04F79EFBC}") = "DIDA_LIBRARY", "Dida_Library\DIDA_LIBRARY.csproj", "{6680CB89-A4A8-42ED-BE0B-C9745AE8F7CB}"
EndProject
Project("{FAE04EC0-301F-11D3-BF4B-00C04F79EFBC}") = "DIDA-TUPLE-SMR", "DIDA-TUPLE-SMR\DIDA-TUPLE-SMR.csproj", "{486AF961-ACBE-480A-B5B0-5C274382F441}"
EndProject
Project("{FAE04EC0-301F-11D3-BF4B-00C04F79EFBC}") = "DIDA-TUPLE-XL", "DIDA-TUPLE-XL\DIDA-TUPLE-XL.csproj", "{F5AC8C82-8A6B-41CE-8FD0-0B2454717EFB}"
EndProject
Project("{FAE04EC0-301F-11D3-BF4B-00C04F79EFBC}") = "DIDA-CLIENT", "DIDA-CLIENT\DIDA-CLIENT.csproj", "{D89D252A-30E1-41B3-8DE9-13531E5425C4}"
EndProject
Project("{FAE04EC0-301F-11D3-BF4B-00C04F79EFBC}") = "DIDA_LIBRARYTests", "DIDA_LIBRARYTests\DIDA_LIBRARYTests.csproj", "{D6463836-3BAD-4BF8-A8EB-3C36EA0A99DB}"
EndProject
Project("{FAE04EC0-301F-11D3-BF4B-00C04F79EFBC}") = "DIDA-TUPLE-SMRTests", "DIDA-TUPLE-SMRTests\DIDA-TUPLE-SMRTests.csproj", "{CA005994-48C6-41D9-8982-CF3F2BFB964C}"
EndProject
Project("{FAE04EC0-301F-11D3-BF4B-00C04F79EFBC}") = "DIDA-TUPLE-XLTests", "DIDA-TUPLE-XLTests\DIDA-TUPLE-XLTests.csproj", "{5DAA0B01-48C4-4801-B1D6-E7BDE238C189}"
EndProject
Project("{FAE04EC0-301F-11D3-BF4B-00C04F79EFBC}") = "DIDA-CLIENTTests", "DIDA-CLIENTTests\DIDA-CLIENTTests.csproj", "{45DE5649-3986-4504-9168-6C52FE4095C1}"
EndProject
Project("{FAE04EC0-301F-11D3-BF4B-00C04F79EFBC}") = "PUPPETMASTER", "PuppetMaster\PUPPETMASTER.csproj", "{36167A20-0D6A-42F9-BE43-2CBC6C473481}"
EndProject
Project("{FAE04EC0-301F-11D3-BF4B-00C04F79EFBC}") = "PCS", "PCS\PCS.csproj", "{5FA8B77B-F574-4771-8B8A-AA0B97079D96}"
EndProject
Global
	GlobalSection(SolutionConfigurationPlatforms) = preSolution
		Debug|Any CPU = Debug|Any CPU
		Release|Any CPU = Release|Any CPU
	EndGlobalSection
	GlobalSection(ProjectConfigurationPlatforms) = postSolution
		{6680CB89-A4A8-42ED-BE0B-C9745AE8F7CB}.Debug|Any CPU.ActiveCfg = Debug|Any CPU
		{6680CB89-A4A8-42ED-BE0B-C9745AE8F7CB}.Debug|Any CPU.Build.0 = Debug|Any CPU
		{6680CB89-A4A8-42ED-BE0B-C9745AE8F7CB}.Release|Any CPU.ActiveCfg = Release|Any CPU
		{6680CB89-A4A8-42ED-BE0B-C9745AE8F7CB}.Release|Any CPU.Build.0 = Release|Any CPU
		{486AF961-ACBE-480A-B5B0-5C274382F441}.Debug|Any CPU.ActiveCfg = Debug|Any CPU
		{486AF961-ACBE-480A-B5B0-5C274382F441}.Debug|Any CPU.Build.0 = Debug|Any CPU
		{486AF961-ACBE-480A-B5B0-5C274382F441}.Release|Any CPU.ActiveCfg = Release|Any CPU
		{486AF961-ACBE-480A-B5B0-5C274382F441}.Release|Any CPU.Build.0 = Release|Any CPU
		{F5AC8C82-8A6B-41CE-8FD0-0B2454717EFB}.Debug|Any CPU.ActiveCfg = Debug|Any CPU
		{F5AC8C82-8A6B-41CE-8FD0-0B2454717EFB}.Debug|Any CPU.Build.0 = Debug|Any CPU
		{F5AC8C82-8A6B-41CE-8FD0-0B2454717EFB}.Release|Any CPU.ActiveCfg = Release|Any CPU
		{F5AC8C82-8A6B-41CE-8FD0-0B2454717EFB}.Release|Any CPU.Build.0 = Release|Any CPU
		{D89D252A-30E1-41B3-8DE9-13531E5425C4}.Debug|Any CPU.ActiveCfg = Debug|Any CPU
		{D89D252A-30E1-41B3-8DE9-13531E5425C4}.Debug|Any CPU.Build.0 = Debug|Any CPU
		{D89D252A-30E1-41B3-8DE9-13531E5425C4}.Release|Any CPU.ActiveCfg = Release|Any CPU
		{D89D252A-30E1-41B3-8DE9-13531E5425C4}.Release|Any CPU.Build.0 = Release|Any CPU
		{D6463836-3BAD-4BF8-A8EB-3C36EA0A99DB}.Debug|Any CPU.ActiveCfg = Debug|Any CPU
		{D6463836-3BAD-4BF8-A8EB-3C36EA0A99DB}.Debug|Any CPU.Build.0 = Debug|Any CPU
		{D6463836-3BAD-4BF8-A8EB-3C36EA0A99DB}.Release|Any CPU.ActiveCfg = Release|Any CPU
		{D6463836-3BAD-4BF8-A8EB-3C36EA0A99DB}.Release|Any CPU.Build.0 = Release|Any CPU
		{CA005994-48C6-41D9-8982-CF3F2BFB964C}.Debug|Any CPU.ActiveCfg = Debug|Any CPU
		{CA005994-48C6-41D9-8982-CF3F2BFB964C}.Debug|Any CPU.Build.0 = Debug|Any CPU
		{CA005994-48C6-41D9-8982-CF3F2BFB964C}.Release|Any CPU.ActiveCfg = Release|Any CPU
		{CA005994-48C6-41D9-8982-CF3F2BFB964C}.Release|Any CPU.Build.0 = Release|Any CPU
		{5DAA0B01-48C4-4801-B1D6-E7BDE238C189}.Debug|Any CPU.ActiveCfg = Debug|Any CPU
		{5DAA0B01-48C4-4801-B1D6-E7BDE238C189}.Debug|Any CPU.Build.0 = Debug|Any CPU
		{5DAA0B01-48C4-4801-B1D6-E7BDE238C189}.Release|Any CPU.ActiveCfg = Release|Any CPU
		{5DAA0B01-48C4-4801-B1D6-E7BDE238C189}.Release|Any CPU.Build.0 = Release|Any CPU
		{45DE5649-3986-4504-9168-6C52FE4095C1}.Debug|Any CPU.ActiveCfg = Debug|Any CPU
		{45DE5649-3986-4504-9168-6C52FE4095C1}.Debug|Any CPU.Build.0 = Debug|Any CPU
		{45DE5649-3986-4504-9168-6C52FE4095C1}.Release|Any CPU.ActiveCfg = Release|Any CPU
		{45DE5649-3986-4504-9168-6C52FE4095C1}.Release|Any CPU.Build.0 = Release|Any CPU
		{36167A20-0D6A-42F9-BE43-2CBC6C473481}.Debug|Any CPU.ActiveCfg = Debug|Any CPU
		{36167A20-0D6A-42F9-BE43-2CBC6C473481}.Debug|Any CPU.Build.0 = Debug|Any CPU
		{36167A20-0D6A-42F9-BE43-2CBC6C473481}.Release|Any CPU.ActiveCfg = Release|Any CPU
		{36167A20-0D6A-42F9-BE43-2CBC6C473481}.Release|Any CPU.Build.0 = Release|Any CPU
		{5FA8B77B-F574-4771-8B8A-AA0B97079D96}.Debug|Any CPU.ActiveCfg = Debug|Any CPU
		{5FA8B77B-F574-4771-8B8A-AA0B97079D96}.Debug|Any CPU.Build.0 = Debug|Any CPU
		{5FA8B77B-F574-4771-8B8A-AA0B97079D96}.Release|Any CPU.ActiveCfg = Release|Any CPU
		{5FA8B77B-F574-4771-8B8A-AA0B97079D96}.Release|Any CPU.Build.0 = Release|Any CPU
	EndGlobalSection
	GlobalSection(SolutionProperties) = preSolution
		HideSolutionNode = FALSE
	EndGlobalSection
	GlobalSection(ExtensibilityGlobals) = postSolution
		SolutionGuid = {D7F27053-26C0-49AD-B274-A08E21DD77BF}
	EndGlobalSection
EndGlobal
